
Microsoft Visual Studio Solution File, Format Version 12.00
# Visual Studio 15
VisualStudioVersion = 15.0.28307.438
MinimumVisualStudioVersion = 10.0.40219.1
Project("{FAE04EC0-301F-11D3-BF4B-00C04F79EFBC}") = "TrackerLibrary", "TrackerLibrary\TrackerLibrary.csproj", "{76FF4079-8A93-44F3-B517-C5B7DBD2E193}"
EndProject
Project("{FAE04EC0-301F-11D3-BF4B-00C04F79EFBC}") = "TrackerUI", "TrackerUI\TrackerUI.csproj", "{7C1476FA-512F-4288-BF8D-18364679C3B1}"
EndProject
Global
	GlobalSection(SolutionConfigurationPlatforms) = preSolution
		Debug|Any CPU = Debug|Any CPU
		Release|Any CPU = Release|Any CPU
	EndGlobalSection
	GlobalSection(ProjectConfigurationPlatforms) = postSolution
		{76FF4079-8A93-44F3-B517-C5B7DBD2E193}.Debug|Any CPU.ActiveCfg = Debug|Any CPU
		{76FF4079-8A93-44F3-B517-C5B7DBD2E193}.Debug|Any CPU.Build.0 = Debug|Any CPU
		{76FF4079-8A93-44F3-B517-C5B7DBD2E193}.Release|Any CPU.ActiveCfg = Release|Any CPU
		{76FF4079-8A93-44F3-B517-C5B7DBD2E193}.Release|Any CPU.Build.0 = Release|Any CPU
		{7C1476FA-512F-4288-BF8D-18364679C3B1}.Debug|Any CPU.ActiveCfg = Debug|Any CPU
		{7C1476FA-512F-4288-BF8D-18364679C3B1}.Debug|Any CPU.Build.0 = Debug|Any CPU
		{7C1476FA-512F-4288-BF8D-18364679C3B1}.Release|Any CPU.ActiveCfg = Release|Any CPU
		{7C1476FA-512F-4288-BF8D-18364679C3B1}.Release|Any CPU.Build.0 = Release|Any CPU
	EndGlobalSection
	GlobalSection(SolutionProperties) = preSolution
		HideSolutionNode = FALSE
	EndGlobalSection
	GlobalSection(ExtensibilityGlobals) = postSolution
		SolutionGuid = {8539D3B2-D3D7-4F3D-B773-4CDEF51AB536}
	EndGlobalSection
EndGlobal
